Microsoft Visual Studio Solution File, Format Version 12.00
# Visual Studio Version 17
VisualStudioVersion = 17.5.2.0
MinimumVisualStudioVersion = 10.0.40219.1
Project("{FAE04EC0-301F-11D3-BF4B-00C04F79EFBC}") = "exe_backend.Api", "exe_backend.Api.csproj", "{C49573CF-7412-7A75-5212-7CDBE544395F}"
EndProject
Global
	GlobalSection(SolutionConfigurationPlatforms) = preSolution
		Debug|Any CPU = Debug|Any CPU
		Release|Any CPU = Release|Any CPU
	EndGlobalSection
	GlobalSection(ProjectConfigurationPlatforms) = postSolution
		{C49573CF-7412-7A75-5212-7CDBE544395F}.Debug|Any CPU.ActiveCfg = Debug|Any CPU
		{C49573CF-7412-7A75-5212-7CDBE544395F}.Debug|Any CPU.Build.0 = Debug|Any CPU
		{C49573CF-7412-7A75-5212-7CDBE544395F}.Release|Any CPU.ActiveCfg = Release|Any CPU
		{C49573CF-7412-7A75-5212-7CDBE544395F}.Release|Any CPU.Build.0 = Release|Any CPU
	EndGlobalSection
	GlobalSection(SolutionProperties) = preSolution
		HideSolutionNode = FALSE
	EndGlobalSection
	GlobalSection(ExtensibilityGlobals) = postSolution
		SolutionGuid = {189C4872-BE04-4E80-BBF7-A3F73E371043}
	EndGlobalSection
EndGlobal
