Microsoft Visual Studio Solution File, Format Version 12.00
# Visual Studio Version 17
VisualStudioVersion = 17.5.2.0
MinimumVisualStudioVersion = 10.0.40219.1
Project("{FAE04EC0-301F-11D3-BF4B-00C04F79EFBC}") = "exe_backend.Api", "exe_backend.Api\exe_backend.Api.csproj", "{8FF03249-BE85-E173-1BFB-8BAC0AEF6E45}"
EndProject
Project("{FAE04EC0-301F-11D3-BF4B-00C04F79EFBC}") = "exe_backend.Application", "exe_backend.Application\exe_backend.Application.csproj", "{DBCBD723-FA5E-AC21-4D7B-8AD3BCA0E01C}"
EndProject
Project("{FAE04EC0-301F-11D3-BF4B-00C04F79EFBC}") = "exe_backend.Contract", "exe_backend.Contract\exe_backend.Contract.csproj", "{E71DFD3E-F104-CBC5-F7CA-35F2C6F88854}"
EndProject
Project("{FAE04EC0-301F-11D3-BF4B-00C04F79EFBC}") = "exe_backend.Domain", "exe_backend.Domain\exe_backend.Domain.csproj", "{9841BBCA-C41F-C0C3-2BAC-9BD3CBEE012C}"
EndProject
Project("{FAE04EC0-301F-11D3-BF4B-00C04F79EFBC}") = "exe_backend.Infrastructure", "exe_backend.Infrastructure\exe_backend.Infrastructure.csproj", "{B30FB948-F45D-238A-85A8-218D3A0E303C}"
EndProject
Project("{FAE04EC0-301F-11D3-BF4B-00C04F79EFBC}") = "exe_backend.Persistence", "exe_backend.Persistence\exe_backend.Persistence.csproj", "{6832D940-2395-E778-0668-07107DA11F97}"
EndProject
Project("{FAE04EC0-301F-11D3-BF4B-00C04F79EFBC}") = "exe_backend.Presentation", "exe_backend.Presentation\exe_backend.Presentation.csproj", "{25F27327-7497-8C9F-D2F1-6FA3C32D15B6}"
EndProject
Global
	GlobalSection(SolutionConfigurationPlatforms) = preSolution
		Debug|Any CPU = Debug|Any CPU
		Release|Any CPU = Release|Any CPU
	EndGlobalSection
	GlobalSection(ProjectConfigurationPlatforms) = postSolution
		{8FF03249-BE85-E173-1BFB-8BAC0AEF6E45}.Debug|Any CPU.ActiveCfg = Debug|Any CPU
		{8FF03249-BE85-E173-1BFB-8BAC0AEF6E45}.Debug|Any CPU.Build.0 = Debug|Any CPU
		{8FF03249-BE85-E173-1BFB-8BAC0AEF6E45}.Release|Any CPU.ActiveCfg = Release|Any CPU
		{8FF03249-BE85-E173-1BFB-8BAC0AEF6E45}.Release|Any CPU.Build.0 = Release|Any CPU
		{DBCBD723-FA5E-AC21-4D7B-8AD3BCA0E01C}.Debug|Any CPU.ActiveCfg = Debug|Any CPU
		{DBCBD723-FA5E-AC21-4D7B-8AD3BCA0E01C}.Debug|Any CPU.Build.0 = Debug|Any CPU
		{DBCBD723-FA5E-AC21-4D7B-8AD3BCA0E01C}.Release|Any CPU.ActiveCfg = Release|Any CPU
		{DBCBD723-FA5E-AC21-4D7B-8AD3BCA0E01C}.Release|Any CPU.Build.0 = Release|Any CPU
		{E71DFD3E-F104-CBC5-F7CA-35F2C6F88854}.Debug|Any CPU.ActiveCfg = Debug|Any CPU
		{E71DFD3E-F104-CBC5-F7CA-35F2C6F88854}.Debug|Any CPU.Build.0 = Debug|Any CPU
		{E71DFD3E-F104-CBC5-F7CA-35F2C6F88854}.Release|Any CPU.ActiveCfg = Release|Any CPU
		{E71DFD3E-F104-CBC5-F7CA-35F2C6F88854}.Release|Any CPU.Build.0 = Release|Any CPU
		{9841BBCA-C41F-C0C3-2BAC-9BD3CBEE012C}.Debug|Any CPU.ActiveCfg = Debug|Any CPU
		{9841BBCA-C41F-C0C3-2BAC-9BD3CBEE012C}.Debug|Any CPU.Build.0 = Debug|Any CPU
		{9841BBCA-C41F-C0C3-2BAC-9BD3CBEE012C}.Release|Any CPU.ActiveCfg = Release|Any CPU
		{9841BBCA-C41F-C0C3-2BAC-9BD3CBEE012C}.Release|Any CPU.Build.0 = Release|Any CPU
		{B30FB948-F45D-238A-85A8-218D3A0E303C}.Debug|Any CPU.ActiveCfg = Debug|Any CPU
		{B30FB948-F45D-238A-85A8-218D3A0E303C}.Debug|Any CPU.Build.0 = Debug|Any CPU
		{B30FB948-F45D-238A-85A8-218D3A0E303C}.Release|Any CPU.ActiveCfg = Release|Any CPU
		{B30FB948-F45D-238A-85A8-218D3A0E303C}.Release|Any CPU.Build.0 = Release|Any CPU
		{6832D940-2395-E778-0668-07107DA11F97}.Debug|Any CPU.ActiveCfg = Debug|Any CPU
		{6832D940-2395-E778-0668-07107DA11F97}.Debug|Any CPU.Build.0 = Debug|Any CPU
		{6832D940-2395-E778-0668-07107DA11F97}.Release|Any CPU.ActiveCfg = Release|Any CPU
		{6832D940-2395-E778-0668-07107DA11F97}.Release|Any CPU.Build.0 = Release|Any CPU
		{25F27327-7497-8C9F-D2F1-6FA3C32D15B6}.Debug|Any CPU.ActiveCfg = Debug|Any CPU
		{25F27327-7497-8C9F-D2F1-6FA3C32D15B6}.Debug|Any CPU.Build.0 = Debug|Any CPU
		{25F27327-7497-8C9F-D2F1-6FA3C32D15B6}.Release|Any CPU.ActiveCfg = Release|Any CPU
		{25F27327-7497-8C9F-D2F1-6FA3C32D15B6}.Release|Any CPU.Build.0 = Release|Any CPU
	EndGlobalSection
	GlobalSection(SolutionProperties) = preSolution
		HideSolutionNode = FALSE
	EndGlobalSection
	GlobalSection(ExtensibilityGlobals) = postSolution
		SolutionGuid = {DDBB32A8-EC58-412A-863F-3B00AEB82791}
	EndGlobalSection
EndGlobal
